{
  "name": "task-manager-saas",
  "version": "1.0.0",
  "lockfileVersion": 3,
  "requires": true,
  "packages": {
    "": {
      "name": "task-manager-saas",
      "version": "1.0.0",
      "license": "ISC",
      "dependencies": {
        "effect": "^3.2.7"
      },
      "devDependencies": {
        "typescript": "^5.4.5"
      }
    },
    "node_modules/effect": {
      "version": "3.2.7",
      "resolved": "https://registry.npmjs.org/effect/-/effect-3.2.7.tgz",
      "integrity": "sha512-8YXJVBVs1zBQCPjwsTUgqE91c6woa6sxo0wni0H3mMM4qpO4vsixEVx+IZLYnh1BnRinJqC7/mJazIfYxLj2Rg==",
      "license": "MIT"
    },
    "node_modules/typescript": {
      "version": "5.4.5",
      "resolved": "https://registry.npmjs.org/typescript/-/typescript-5.4.5.tgz",
      "integrity": "sha512-vcI4UpRgg81oIRUFwR0WSIHKt11nJ7SAVlYNIu+QpqeyXP+gpQJy/Z4+F0aGxSE4MqwjyXvW/TzgkLAx2AGHwQ==",
      "dev": true,
      "license": "Apache-2.0",
      "bin": {
        "tsc": "bin/tsc",
        "tsserver": "bin/tsserver"
      },
      "engines": {
        "node": ">=14.17"
      }
    }
  }
}
